
Microsoft Visual Studio Solution File, Format Version 12.00
# Visual Studio Version 17
VisualStudioVersion = 17.10.34916.146
MinimumVisualStudioVersion = 10.0.40219.1
Project("{888888A0-9F3D-457C-B088-3A5042F75D52}") = "Lesson 5 task2", "Lesson 5 task2\Lesson 5 task2.pyproj", "{004EECF2-E7DF-4F52-A796-E936AFCF4D91}"
EndProject
Global
	GlobalSection(SolutionConfigurationPlatforms) = preSolution
		Debug|Any CPU = Debug|Any CPU
		Release|Any CPU = Release|Any CPU
	EndGlobalSection
	GlobalSection(ProjectConfigurationPlatforms) = postSolution
		{004EECF2-E7DF-4F52-A796-E936AFCF4D91}.Debug|Any CPU.ActiveCfg = Debug|Any CPU
		{004EECF2-E7DF-4F52-A796-E936AFCF4D91}.Release|Any CPU.ActiveCfg = Release|Any CPU
	EndGlobalSection
	GlobalSection(SolutionProperties) = preSolution
		HideSolutionNode = FALSE
	EndGlobalSection
	GlobalSection(ExtensibilityGlobals) = postSolution
		SolutionGuid = {41ACFBAF-6DA6-40F2-B1B3-B43EC981938D}
	EndGlobalSection
EndGlobal
